// !$*UTF8*$!
{
	archiveVersion = 1;
	classes = {
	};
	objectVersion = 46;
	objects = {

/* Begin PBXBuildFile section */
		4B59B1C47BB565481DB17C77 /* Pods_Blurb_Social.framework in Frameworks */ = {isa = PBXBuildFile; fileRef = 8C2C9304432454F7E032D9C3 /* Pods_Blurb_Social.framework */; };
		635735E51F0DC83C0083FD4F /* FeedVC.swift in Sources */ = {isa = PBXBuildFile; fileRef = 635735E41F0DC83C0083FD4F /* FeedVC.swift */; };
		63E3A3541F1739E700FA801B /* PostCell.swift in Sources */ = {isa = PBXBuildFile; fileRef = 63E3A3531F1739E700FA801B /* PostCell.swift */; };
		63E3A3571F18391600FA801B /* DataService.swift in Sources */ = {isa = PBXBuildFile; fileRef = 63E3A3561F18391600FA801B /* DataService.swift */; };
		63F7D5531EF8A5AA00BECF0B /* FancyView.swift in Sources */ = {isa = PBXBuildFile; fileRef = 63F7D5521EF8A5AA00BECF0B /* FancyView.swift */; };
		63F7D5561EF8AE8400BECF0B /* Constants.swift in Sources */ = {isa = PBXBuildFile; fileRef = 63F7D5551EF8AE8400BECF0B /* Constants.swift */; };
		63F7D5581EF8B1DA00BECF0B /* RoundBtn.swift in Sources */ = {isa = PBXBuildFile; fileRef = 63F7D5571EF8B1DA00BECF0B /* RoundBtn.swift */; };
		63F7D55A1EF8B35100BECF0B /* FancyField.swift in Sources */ = {isa = PBXBuildFile; fileRef = 63F7D5591EF8B35100BECF0B /* FancyField.swift */; };
		63F7D55C1EF8B49200BECF0B /* FancyBtn.swift in Sources */ = {isa = PBXBuildFile; fileRef = 63F7D55B1EF8B49200BECF0B /* FancyBtn.swift */; };
		63FFCD061EF8813E00F4B780 /* AppDelegate.swift in Sources */ = {isa = PBXBuildFile; fileRef = 63FFCD051EF8813E00F4B780 /* AppDelegate.swift */; };
		63FFCD081EF8813E00F4B780 /* SignInVC.swift in Sources */ = {isa = PBXBuildFile; fileRef = 63FFCD071EF8813E00F4B780 /* SignInVC.swift */; };
		63FFCD0B1EF8813E00F4B780 /* Main.storyboard in Resources */ = {isa = PBXBuildFile; fileRef = 63FFCD091EF8813E00F4B780 /* Main.storyboard */; };
		63FFCD0D1EF8813E00F4B780 /* Assets.xcassets in Resources */ = {isa = PBXBuildFile; fileRef = 63FFCD0C1EF8813E00F4B780 /* Assets.xcassets */; };
		63FFCD101EF8813E00F4B780 /* LaunchScreen.storyboard in Resources */ = {isa = PBXBuildFile; fileRef = 63FFCD0E1EF8813E00F4B780 /* LaunchScreen.storyboard */; };
		63FFCD181EF8842C00F4B780 /* GoogleService-Info.plist in Resources */ = {isa = PBXBuildFile; fileRef = 63FFCD171EF8842C00F4B780 /* GoogleService-Info.plist */; };
/* End PBXBuildFile section */

/* Begin PBXFileReference section */
		1E2DA6F13C0DF022EEF85F68 /* Pods-Blurb Social.release.xcconfig */ = {isa = PBXFileReference; includeInIndex = 1; lastKnownFileType = text.xcconfig; name = "Pods-Blurb Social.release.xcconfig"; path = "Pods/Target Support Files/Pods-Blurb Social/Pods-Blurb Social.release.xcconfig"; sourceTree = "<group>"; };
		635735E41F0DC83C0083FD4F /* FeedVC.swift */ = {isa = PBXFileReference; fileEncoding = 4; lastKnownFileType = sourcecode.swift; path = FeedVC.swift; sourceTree = "<group>"; };
		63E3A3531F1739E700FA801B /* PostCell.swift */ = {isa = PBXFileReference; fileEncoding = 4; lastKnownFileType = sourcecode.swift; path = PostCell.swift; sourceTree = "<group>"; };
		63E3A3561F18391600FA801B /* DataService.swift */ = {isa = PBXFileReference; fileEncoding = 4; lastKnownFileType = sourcecode.swift; path = DataService.swift; sourceTree = "<group>"; };
		63F7D5521EF8A5AA00BECF0B /* FancyView.swift */ = {isa = PBXFileReference; fileEncoding = 4; lastKnownFileType = sourcecode.swift; path = FancyView.swift; sourceTree = "<group>"; };
		63F7D5551EF8AE8400BECF0B /* Constants.swift */ = {isa = PBXFileReference; fileEncoding = 4; lastKnownFileType = sourcecode.swift; path = Constants.swift; sourceTree = "<group>"; };
		63F7D5571EF8B1DA00BECF0B /* RoundBtn.swift */ = {isa = PBXFileReference; fileEncoding = 4; lastKnownFileType = sourcecode.swift; path = RoundBtn.swift; sourceTree = "<group>"; };
		63F7D5591EF8B35100BECF0B /* FancyField.swift */ = {isa = PBXFileReference; fileEncoding = 4; lastKnownFileType = sourcecode.swift; path = FancyField.swift; sourceTree = "<group>"; };
		63F7D55B1EF8B49200BECF0B /* FancyBtn.swift */ = {isa = PBXFileReference; fileEncoding = 4; lastKnownFileType = sourcecode.swift; path = FancyBtn.swift; sourceTree = "<group>"; };
		63FFCD021EF8813E00F4B780 /* Blurb Social.app */ = {isa = PBXFileReference; explicitFileType = wrapper.application; includeInIndex = 0; path = "Blurb Social.app"; sourceTree = BUILT_PRODUCTS_DIR; };
		63FFCD051EF8813E00F4B780 /* AppDelegate.swift */ = {isa = PBXFileReference; lastKnownFileType = sourcecode.swift; path = AppDelegate.swift; sourceTree = "<group>"; };
		63FFCD071EF8813E00F4B780 /* SignInVC.swift */ = {isa = PBXFileReference; lastKnownFileType = sourcecode.swift; path = SignInVC.swift; sourceTree = "<group>"; };
		63FFCD0A1EF8813E00F4B780 /* Base */ = {isa = PBXFileReference; lastKnownFileType = file.storyboard; name = Base; path = Base.lproj/Main.storyboard; sourceTree = "<group>"; };
		63FFCD0C1EF8813E00F4B780 /* Assets.xcassets */ = {isa = PBXFileReference; lastKnownFileType = folder.assetcatalog; path = Assets.xcassets; sourceTree = "<group>"; };
		63FFCD0F1EF8813E00F4B780 /* Base */ = {isa = PBXFileReference; lastKnownFileType = file.storyboard; name = Base; path = Base.lproj/LaunchScreen.storyboard; sourceTree = "<group>"; };
		63FFCD111EF8813E00F4B780 /* Info.plist */ = {isa = PBXFileReference; lastKnownFileType = text.plist.xml; path = Info.plist; sourceTree = "<group>"; };
		63FFCD171EF8842C00F4B780 /* GoogleService-Info.plist */ = {isa = PBXFileReference; fileEncoding = 4; lastKnownFileType = text.plist.xml; path = "GoogleService-Info.plist"; sourceTree = "<group>"; };
		8C2C9304432454F7E032D9C3 /* Pods_Blurb_Social.framework */ = {isa = PBXFileReference; explicitFileType = wrapper.framework; includeInIndex = 0; path = Pods_Blurb_Social.framework; sourceTree = BUILT_PRODUCTS_DIR; };
		E00C2CAC303206F3F18C03F9 /* Pods-Blurb Social.debug.xcconfig */ = {isa = PBXFileReference; includeInIndex = 1; lastKnownFileType = text.xcconfig; name = "Pods-Blurb Social.debug.xcconfig"; path = "Pods/Target Support Files/Pods-Blurb Social/Pods-Blurb Social.debug.xcconfig"; sourceTree = "<group>"; };
/* End PBXFileReference section */

/* Begin PBXFrameworksBuildPhase section */
		63FFCCFF1EF8813E00F4B780 /* Frameworks */ = {
			isa = PBXFrameworksBuildPhase;
			buildActionMask = 2147483647;
			files = (
				4B59B1C47BB565481DB17C77 /* Pods_Blurb_Social.framework in Frameworks */,
			);
			runOnlyForDeploymentPostprocessing = 0;
		};
/* End PBXFrameworksBuildPhase section */

/* Begin PBXGroup section */
		5AD91C505549D9D2AC6B65D3 /* Frameworks */ = {
			isa = PBXGroup;
			children = (
				8C2C9304432454F7E032D9C3 /* Pods_Blurb_Social.framework */,
			);
			name = Frameworks;
			sourceTree = "<group>";
		};
		63E3A3551F1838E300FA801B /* Services */ = {
			isa = PBXGroup;
			children = (
				63E3A3561F18391600FA801B /* DataService.swift */,
			);
			name = Services;
			sourceTree = "<group>";
		};
		63F7D54D1EF886F300BECF0B /* Controller */ = {
			isa = PBXGroup;
			children = (
				63FFCD071EF8813E00F4B780 /* SignInVC.swift */,
				635735E41F0DC83C0083FD4F /* FeedVC.swift */,
			);
			name = Controller;
			sourceTree = "<group>";
		};
		63F7D54E1EF886FF00BECF0B /* View */ = {
			isa = PBXGroup;
			children = (
				63F7D5521EF8A5AA00BECF0B /* FancyView.swift */,
				63F7D5571EF8B1DA00BECF0B /* RoundBtn.swift */,
				63F7D5591EF8B35100BECF0B /* FancyField.swift */,
				63F7D55B1EF8B49200BECF0B /* FancyBtn.swift */,
				63E3A3531F1739E700FA801B /* PostCell.swift */,
			);
			name = View;
			sourceTree = "<group>";
		};
		63F7D54F1EF8870900BECF0B /* Model */ = {
			isa = PBXGroup;
			children = (
			);
			name = Model;
			sourceTree = "<group>";
		};
		63F7D5541EF8AE7000BECF0B /* Util */ = {
			isa = PBXGroup;
			children = (
				63F7D5551EF8AE8400BECF0B /* Constants.swift */,
			);
			name = Util;
			sourceTree = "<group>";
		};
		63FFCCF91EF8813D00F4B780 = {
			isa = PBXGroup;
			children = (
				63FFCD041EF8813E00F4B780 /* Blurb Social */,
				63FFCD031EF8813E00F4B780 /* Products */,
				8DE3719BA0EE8A6306B684E9 /* Pods */,
				5AD91C505549D9D2AC6B65D3 /* Frameworks */,
			);
			sourceTree = "<group>";
		};
		63FFCD031EF8813E00F4B780 /* Products */ = {
			isa = PBXGroup;
			children = (
				63FFCD021EF8813E00F4B780 /* Blurb Social.app */,
			);
			name = Products;
			sourceTree = "<group>";
		};
		63FFCD041EF8813E00F4B780 /* Blurb Social */ = {
			isa = PBXGroup;
			children = (
				63E3A3551F1838E300FA801B /* Services */,
				63F7D5541EF8AE7000BECF0B /* Util */,
				63F7D54F1EF8870900BECF0B /* Model */,
				63F7D54E1EF886FF00BECF0B /* View */,
				63F7D54D1EF886F300BECF0B /* Controller */,
				63FFCD051EF8813E00F4B780 /* AppDelegate.swift */,
				63FFCD091EF8813E00F4B780 /* Main.storyboard */,
				63FFCD0C1EF8813E00F4B780 /* Assets.xcassets */,
				63FFCD0E1EF8813E00F4B780 /* LaunchScreen.storyboard */,
				63FFCD111EF8813E00F4B780 /* Info.plist */,
				63FFCD171EF8842C00F4B780 /* GoogleService-Info.plist */,
			);
			path = "Blurb Social";
			sourceTree = "<group>";
		};
		8DE3719BA0EE8A6306B684E9 /* Pods */ = {
			isa = PBXGroup;
			children = (
				E00C2CAC303206F3F18C03F9 /* Pods-Blurb Social.debug.xcconfig */,
				1E2DA6F13C0DF022EEF85F68 /* Pods-Blurb Social.release.xcconfig */,
			);
			name = Pods;
			sourceTree = "<group>";
		};
/* End PBXGroup section */

/* Begin PBXNativeTarget section */
		63FFCD011EF8813E00F4B780 /* Blurb Social */ = {
			isa = PBXNativeTarget;
			buildConfigurationList = 63FFCD141EF8813E00F4B780 /* Build configuration list for PBXNativeTarget "Blurb Social" */;
			buildPhases = (
				8B4AF8E6D8ADC62EC8729A3E /* [CP] Check Pods Manifest.lock */,
				63FFCCFE1EF8813E00F4B780 /* Sources */,
				63FFCCFF1EF8813E00F4B780 /* Frameworks */,
				63FFCD001EF8813E00F4B780 /* Resources */,
				1EE396BD847CFE52C0FCD74A /* [CP] Embed Pods Frameworks */,
				5D856326632D461007DB820B /* [CP] Copy Pods Resources */,
			);
			buildRules = (
			);
			dependencies = (
			);
			name = "Blurb Social";
			productName = "Blurb Social";
			productReference = 63FFCD021EF8813E00F4B780 /* Blurb Social.app */;
			productType = "com.apple.product-type.application";
		};
/* End PBXNativeTarget section */

/* Begin PBXProject section */
		63FFCCFA1EF8813D00F4B780 /* Project object */ = {
			isa = PBXProject;
			attributes = {
				LastSwiftUpdateCheck = 0830;
				LastUpgradeCheck = 0830;
				ORGANIZATIONNAME = "Konstantine Piterman";
				TargetAttributes = {
					63FFCD011EF8813E00F4B780 = {
						CreatedOnToolsVersion = 8.3.2;
						DevelopmentTeam = D8ZBA7RCZR;
						ProvisioningStyle = Automatic;
					};
				};
			};
			buildConfigurationList = 63FFCCFD1EF8813D00F4B780 /* Build configuration list for PBXProject "Blurb Social" */;
			compatibilityVersion = "Xcode 3.2";
			developmentRegion = English;
			hasScannedForEncodings = 0;
			knownRegions = (
				en,
				Base,
			);
			mainGroup = 63FFCCF91EF8813D00F4B780;
			productRefGroup = 63FFCD031EF8813E00F4B780 /* Products */;
			projectDirPath = "";
			projectRoot = "";
			targets = (
				63FFCD011EF8813E00F4B780 /* Blurb Social */,
			);
		};
/* End PBXProject section */

/* Begin PBXResourcesBuildPhase section */
		63FFCD001EF8813E00F4B780 /* Resources */ = {
			isa = PBXResourcesBuildPhase;
			buildActionMask = 2147483647;
			files = (
				63FFCD101EF8813E00F4B780 /* LaunchScreen.storyboard in Resources */,
				63FFCD0D1EF8813E00F4B780 /* Assets.xcassets in Resources */,
				63FFCD181EF8842C00F4B780 /* GoogleService-Info.plist in Resources */,
				63FFCD0B1EF8813E00F4B780 /* Main.storyboard in Resources */,
			);
			runOnlyForDeploymentPostprocessing = 0;
		};
/* End PBXResourcesBuildPhase section */

/* Begin PBXShellScriptBuildPhase section */
		1EE396BD847CFE52C0FCD74A /* [CP] Embed Pods Frameworks */ = {
			isa = PBXShellScriptBuildPhase;
			buildActionMask = 2147483647;
			files = (
			);
			inputPaths = (
			);
			name = "[CP] Embed Pods Frameworks";
			outputPaths = (
			);
			runOnlyForDeploymentPostprocessing = 0;
			shellPath = /bin/sh;
			shellScript = "\"${SRCROOT}/Pods/Target Support Files/Pods-Blurb Social/Pods-Blurb Social-frameworks.sh\"\n";
			showEnvVarsInLog = 0;
		};
		5D856326632D461007DB820B /* [CP] Copy Pods Resources */ = {
			isa = PBXShellScriptBuildPhase;
			buildActionMask = 2147483647;
			files = (
			);
			inputPaths = (
			);
			name = "[CP] Copy Pods Resources";
			outputPaths = (
			);
			runOnlyForDeploymentPostprocessing = 0;
			shellPath = /bin/sh;
			shellScript = "\"${SRCROOT}/Pods/Target Support Files/Pods-Blurb Social/Pods-Blurb Social-resources.sh\"\n";
			showEnvVarsInLog = 0;
		};
		8B4AF8E6D8ADC62EC8729A3E /* [CP] Check Pods Manifest.lock */ = {
			isa = PBXShellScriptBuildPhase;
			buildActionMask = 2147483647;
			files = (
			);
			inputPaths = (
			);
			name = "[CP] Check Pods Manifest.lock";
			outputPaths = (
			);
			runOnlyForDeploymentPostprocessing = 0;
			shellPath = /bin/sh;
			shellScript = "diff \"${PODS_PODFILE_DIR_PATH}/Podfile.lock\" \"${PODS_ROOT}/Manifest.lock\" > /dev/null\nif [ $? != 0 ] ; then\n    # print error to STDERR\n    echo \"error: The sandbox is not in sync with the Podfile.lock. Run 'pod install' or update your CocoaPods installation.\" >&2\n    exit 1\nfi\n";
			showEnvVarsInLog = 0;
		};
/* End PBXShellScriptBuildPhase section */

/* Begin PBXSourcesBuildPhase section */
		63FFCCFE1EF8813E00F4B780 /* Sources */ = {
			isa = PBXSourcesBuildPhase;
			buildActionMask = 2147483647;
			files = (
				63F7D55A1EF8B35100BECF0B /* FancyField.swift in Sources */,
				63FFCD081EF8813E00F4B780 /* SignInVC.swift in Sources */,
				63F7D5581EF8B1DA00BECF0B /* RoundBtn.swift in Sources */,
				63FFCD061EF8813E00F4B780 /* AppDelegate.swift in Sources */,
				635735E51F0DC83C0083FD4F /* FeedVC.swift in Sources */,
				63E3A3541F1739E700FA801B /* PostCell.swift in Sources */,
				63F7D5531EF8A5AA00BECF0B /* FancyView.swift in Sources */,
				63F7D5561EF8AE8400BECF0B /* Constants.swift in Sources */,
				63F7D55C1EF8B49200BECF0B /* FancyBtn.swift in Sources */,
				63E3A3571F18391600FA801B /* DataService.swift in Sources */,
			);
			runOnlyForDeploymentPostprocessing = 0;
		};
/* End PBXSourcesBuildPhase section */

/* Begin PBXVariantGroup section */
		63FFCD091EF8813E00F4B780 /* Main.storyboard */ = {
			isa = PBXVariantGroup;
			children = (
				63FFCD0A1EF8813E00F4B780 /* Base */,
			);
			name = Main.storyboard;
			sourceTree = "<group>";
		};
		63FFCD0E1EF8813E00F4B780 /* LaunchScreen.storyboard */ = {
			isa = PBXVariantGroup;
			children = (
				63FFCD0F1EF8813E00F4B780 /* Base */,
			);
			name = LaunchScreen.storyboard;
			sourceTree = "<group>";
		};
/* End PBXVariantGroup section */

/* Begin XCBuildConfiguration section */
		63FFCD121EF8813E00F4B780 /* Debug */ = {
			isa = XCBuildConfiguration;
			buildSettings = {
				ALWAYS_SEARCH_USER_PATHS = NO;
				CLANG_ANALYZER_NONNULL = YES;
				CLANG_ANALYZER_NUMBER_OBJECT_CONVERSION = YES_AGGRESSIVE;
				CLANG_CXX_LANGUAGE_STANDARD = "gnu++0x";
				CLANG_CXX_LIBRARY = "libc++";
				CLANG_ENABLE_MODULES = YES;
				CLANG_ENABLE_OBJC_ARC = YES;
				CLANG_WARN_BOOL_CONVERSION = YES;
				CLANG_WARN_CONSTANT_CONVERSION = YES;
				CLANG_WARN_DIRECT_OBJC_ISA_USAGE = YES_ERROR;
				CLANG_WARN_DOCUMENTATION_COMMENTS = YES;
				CLANG_WARN_EMPTY_BODY = YES;
				CLANG_WARN_ENUM_CONVERSION = YES;
				CLANG_WARN_INFINITE_RECURSION = YES;
				CLANG_WARN_INT_CONVERSION = YES;
				CLANG_WARN_OBJC_ROOT_CLASS = YES_ERROR;
				CLANG_WARN_SUSPICIOUS_MOVE = YES;
				CLANG_WARN_UNREACHABLE_CODE = YES;
				CLANG_WARN__DUPLICATE_METHOD_MATCH = YES;
				"CODE_SIGN_IDENTITY[sdk=iphoneos*]" = "iPhone Developer";
				COPY_PHASE_STRIP = NO;
				DEBUG_INFORMATION_FORMAT = dwarf;
				ENABLE_STRICT_OBJC_MSGSEND = YES;
				ENABLE_TESTABILITY = YES;
				GCC_C_LANGUAGE_STANDARD = gnu99;
				GCC_DYNAMIC_NO_PIC = NO;
				GCC_NO_COMMON_BLOCKS = YES;
				GCC_OPTIMIZATION_LEVEL = 0;
				GCC_PREPROCESSOR_DEFINITIONS = (
					"DEBUG=1",
					"$(inherited)",
				);
				GCC_WARN_64_TO_32_BIT_CONVERSION = YES;
				GCC_WARN_ABOUT_RETURN_TYPE = YES_ERROR;
				GCC_WARN_UNDECLARED_SELECTOR = YES;
				GCC_WARN_UNINITIALIZED_AUTOS = YES_AGGRESSIVE;
				GCC_WARN_UNUSED_FUNCTION = YES;
				GCC_WARN_UNUSED_VARIABLE = YES;
				IPHONEOS_DEPLOYMENT_TARGET = 10.3;
				MTL_ENABLE_DEBUG_INFO = YES;
				ONLY_ACTIVE_ARCH = YES;
				SDKROOT = iphoneos;
				SWIFT_ACTIVE_COMPILATION_CONDITIONS = DEBUG;
				SWIFT_OPTIMIZATION_LEVEL = "-Onone";
			};
			name = Debug;
		};
		63FFCD131EF8813E00F4B780 /* Release */ = {
			isa = XCBuildConfiguration;
			buildSettings = {
				ALWAYS_SEARCH_USER_PATHS = NO;
				CLANG_ANALYZER_NONNULL = YES;
				CLANG_ANALYZER_NUMBER_OBJECT_CONVERSION = YES_AGGRESSIVE;
				CLANG_CXX_LANGUAGE_STANDARD = "gnu++0x";
				CLANG_CXX_LIBRARY = "libc++";
				CLANG_ENABLE_MODULES = YES;
				CLANG_ENABLE_OBJC_ARC = YES;
				CLANG_WARN_BOOL_CONVERSION = YES;
				CLANG_WARN_CONSTANT_CONVERSION = YES;
				CLANG_WARN_DIRECT_OBJC_ISA_USAGE = YES_ERROR;
				CLANG_WARN_DOCUMENTATION_COMMENTS = YES;
				CLANG_WARN_EMPTY_BODY = YES;
				CLANG_WARN_ENUM_CONVERSION = YES;
				CLANG_WARN_INFINITE_RECURSION = YES;
				CLANG_WARN_INT_CONVERSION = YES;
				CLANG_WARN_OBJC_ROOT_CLASS = YES_ERROR;
				CLANG_WARN_SUSPICIOUS_MOVE = YES;
				CLANG_WARN_UNREACHABLE_CODE = YES;
				CLANG_WARN__DUPLICATE_METHOD_MATCH = YES;
				"CODE_SIGN_IDENTITY[sdk=iphoneos*]" = "iPhone Developer";
				COPY_PHASE_STRIP = NO;
				DEBUG_INFORMATION_FORMAT = "dwarf-with-dsym";
				ENABLE_NS_ASSERTIONS = NO;
				ENABLE_STRICT_OBJC_MSGSEND = YES;
				GCC_C_LANGUAGE_STANDARD = gnu99;
				GCC_NO_COMMON_BLOCKS = YES;
				GCC_WARN_64_TO_32_BIT_CONVERSION = YES;
				GCC_WARN_ABOUT_RETURN_TYPE = YES_ERROR;
				GCC_WARN_UNDECLARED_SELECTOR = YES;
				GCC_WARN_UNINITIALIZED_AUTOS = YES_AGGRESSIVE;
				GCC_WARN_UNUSED_FUNCTION = YES;
				GCC_WARN_UNUSED_VARIABLE = YES;
				IPHONEOS_DEPLOYMENT_TARGET = 10.3;
				MTL_ENABLE_DEBUG_INFO = NO;
				SDKROOT = iphoneos;
				SWIFT_OPTIMIZATION_LEVEL = "-Owholemodule";
				VALIDATE_PRODUCT = YES;
			};
			name = Release;
		};
		63FFCD151EF8813E00F4B780 /* Debug */ = {
			isa = XCBuildConfiguration;
			baseConfigurationReference = E00C2CAC303206F3F18C03F9 /* Pods-Blurb Social.debug.xcconfig */;
			buildSettings = {
				ASSETCATALOG_COMPILER_APPICON_NAME = AppIcon;
				DEVELOPMENT_TEAM = D8ZBA7RCZR;
				INFOPLIST_FILE = "Blurb Social/Info.plist";
				LD_RUNPATH_SEARCH_PATHS = "$(inherited) @executable_path/Frameworks";
				PRODUCT_BUNDLE_IDENTIFIER = "Everipedia.Blurb-Social";
				PRODUCT_NAME = "$(TARGET_NAME)";
				SWIFT_VERSION = 3.0;
			};
			name = Debug;
		};
		63FFCD161EF8813E00F4B780 /* Release */ = {
			isa = XCBuildConfiguration;
			baseConfigurationReference = 1E2DA6F13C0DF022EEF85F68 /* Pods-Blurb Social.release.xcconfig */;
			buildSettings = {
				ASSETCATALOG_COMPILER_APPICON_NAME = AppIcon;
				DEVELOPMENT_TEAM = D8ZBA7RCZR;
				INFOPLIST_FILE = "Blurb Social/Info.plist";
				LD_RUNPATH_SEARCH_PATHS = "$(inherited) @executable_path/Frameworks";
				PRODUCT_BUNDLE_IDENTIFIER = "Everipedia.Blurb-Social";
				PRODUCT_NAME = "$(TARGET_NAME)";
				SWIFT_VERSION = 3.0;
			};
			name = Release;
		};
/* End XCBuildConfiguration section */

/* Begin XCConfigurationList section */
		63FFCCFD1EF8813D00F4B780 /* Build configuration list for PBXProject "Blurb Social" */ = {
			isa = XCConfigurationList;
			buildConfigurations = (
				63FFCD121EF8813E00F4B780 /* Debug */,
				63FFCD131EF8813E00F4B780 /* Release */,
			);
			defaultConfigurationIsVisible = 0;
			defaultConfigurationName = Release;
		};
		63FFCD141EF8813E00F4B780 /* Build configuration list for PBXNativeTarget "Blurb Social" */ = {
			isa = XCConfigurationList;
			buildConfigurations = (
				63FFCD151EF8813E00F4B780 /* Debug */,
				63FFCD161EF8813E00F4B780 /* Release */,
			);
			defaultConfigurationIsVisible = 0;
			defaultConfigurationName = Release;
		};
/* End XCConfigurationList section */
	};
	rootObject = 63FFCCFA1EF8813D00F4B780 /* Project object */;
}
